
Microsoft Visual Studio Solution File, Format Version 12.00
# Visual Studio 15
VisualStudioVersion = 15.0.27428.2027
MinimumVisualStudioVersion = 10.0.40219.1
Project("{FAE04EC0-301F-11D3-BF4B-00C04F79EFBC}") = "Bridge", "Bridge\Bridge.csproj", "{CAB5E04C-F6F6-4EE8-8FB1-7FE28EE7DF0C}"
EndProject
Global
	GlobalSection(SolutionConfigurationPlatforms) = preSolution
		Debug|Any CPU = Debug|Any CPU
		Release|Any CPU = Release|Any CPU
	EndGlobalSection
	GlobalSection(ProjectConfigurationPlatforms) = postSolution
		{CAB5E04C-F6F6-4EE8-8FB1-7FE28EE7DF0C}.Debug|Any CPU.ActiveCfg = Debug|Any CPU
		{CAB5E04C-F6F6-4EE8-8FB1-7FE28EE7DF0C}.Debug|Any CPU.Build.0 = Debug|Any CPU
		{CAB5E04C-F6F6-4EE8-8FB1-7FE28EE7DF0C}.Release|Any CPU.ActiveCfg = Release|Any CPU
		{CAB5E04C-F6F6-4EE8-8FB1-7FE28EE7DF0C}.Release|Any CPU.Build.0 = Release|Any CPU
	EndGlobalSection
	GlobalSection(SolutionProperties) = preSolution
		HideSolutionNode = FALSE
	EndGlobalSection
	GlobalSection(ExtensibilityGlobals) = postSolution
		SolutionGuid = {8D861BF9-7AEE-4DCF-AD3B-E5E69F95B173}
	EndGlobalSection
EndGlobal
